
Microsoft Visual Studio Solution File, Format Version 12.00
# Visual Studio Version 16
VisualStudioVersion = 16.0.31911.196
MinimumVisualStudioVersion = 10.0.40219.1
Project("{FAE04EC0-301F-11D3-BF4B-00C04F79EFBC}") = "activitie21012022", "activitie21012022\activitie21012022.csproj", "{D9348530-198D-44E6-9018-EADD4F8C13AA}"
EndProject
Global
	GlobalSection(SolutionConfigurationPlatforms) = preSolution
		Debug|Any CPU = Debug|Any CPU
		Release|Any CPU = Release|Any CPU
	EndGlobalSection
	GlobalSection(ProjectConfigurationPlatforms) = postSolution
		{D9348530-198D-44E6-9018-EADD4F8C13AA}.Debug|Any CPU.ActiveCfg = Debug|Any CPU
		{D9348530-198D-44E6-9018-EADD4F8C13AA}.Debug|Any CPU.Build.0 = Debug|Any CPU
		{D9348530-198D-44E6-9018-EADD4F8C13AA}.Release|Any CPU.ActiveCfg = Release|Any CPU
		{D9348530-198D-44E6-9018-EADD4F8C13AA}.Release|Any CPU.Build.0 = Release|Any CPU
	EndGlobalSection
	GlobalSection(SolutionProperties) = preSolution
		HideSolutionNode = FALSE
	EndGlobalSection
	GlobalSection(ExtensibilityGlobals) = postSolution
		SolutionGuid = {2A2FBBD0-AD5F-4855-87FB-F3BF074C35D4}
	EndGlobalSection
EndGlobal
